
Microsoft Visual Studio Solution File, Format Version 12.00
# Visual Studio Version 16
VisualStudioVersion = 16.0.30907.101
MinimumVisualStudioVersion = 10.0.40219.1
Project("{8BC9CEB8-8B4A-11D0-8D11-00A0C91BC942}") = "xx_obj_test1", "xx_obj_test1\xx_obj_test1.vcxproj", "{0653FBCF-82A5-41F7-AC62-F0D6719F57E2}"
EndProject
Project("{8BC9CEB8-8B4A-11D0-8D11-00A0C91BC942}") = "xx_asio_test1", "xx_asio_test1\xx_asio_test1.vcxproj", "{0653FBCF-82A5-41F7-0001-F0D6719F57E2}"
EndProject
Project("{8BC9CEB8-8B4A-11D0-8D11-00A0C91BC942}") = "src", "src\src.vcxitems", "{867AB1EB-2575-44D6-8A47-868C1643DF95}"
EndProject
Project("{8BC9CEB8-8B4A-11D0-8D11-00A0C91BC942}") = "xx_coro_test2", "xx_coro_test2\xx_coro_test2.vcxproj", "{0653FBCF-82A5-41F7-0002-F0D6719F57E2}"
EndProject
Project("{8BC9CEB8-8B4A-11D0-8D11-00A0C91BC942}") = "xx_string_test1", "xx_string_test1\xx_string_test1.vcxproj", "{0653FBCF-82A5-41F7-0012-F0D6719F57E2}"
EndProject
Project("{8BC9CEB8-8B4A-11D0-8D11-00A0C91BC942}") = "xx_queue_test1", "xx_queue_test1\xx_queue_test1.vcxproj", "{0653FBCF-82A5-41F7-0022-F0D6719F57E2}"
EndProject
Global
	GlobalSection(SharedMSBuildProjectFiles) = preSolution
		src\src.vcxitems*{0653fbcf-82a5-41f7-0001-f0d6719f57e2}*SharedItemsImports = 4
		src\src.vcxitems*{0653fbcf-82a5-41f7-0002-f0d6719f57e2}*SharedItemsImports = 4
		src\src.vcxitems*{0653fbcf-82a5-41f7-0012-f0d6719f57e2}*SharedItemsImports = 4
		src\src.vcxitems*{0653fbcf-82a5-41f7-0022-f0d6719f57e2}*SharedItemsImports = 4
		src\src.vcxitems*{0653fbcf-82a5-41f7-ac62-f0d6719f57e2}*SharedItemsImports = 4
		src\src.vcxitems*{867ab1eb-2575-44d6-8a47-868c1643df95}*SharedItemsImports = 9
	EndGlobalSection
	GlobalSection(SolutionConfigurationPlatforms) = preSolution
		Debug|x64 = Debug|x64
		Release|x64 = Release|x64
	EndGlobalSection
	GlobalSection(ProjectConfigurationPlatforms) = postSolution
		{0653FBCF-82A5-41F7-AC62-F0D6719F57E2}.Debug|x64.ActiveCfg = Debug|x64
		{0653FBCF-82A5-41F7-AC62-F0D6719F57E2}.Debug|x64.Build.0 = Debug|x64
		{0653FBCF-82A5-41F7-AC62-F0D6719F57E2}.Release|x64.ActiveCfg = Release|x64
		{0653FBCF-82A5-41F7-AC62-F0D6719F57E2}.Release|x64.Build.0 = Release|x64
		{0653FBCF-82A5-41F7-0001-F0D6719F57E2}.Debug|x64.ActiveCfg = Debug|x64
		{0653FBCF-82A5-41F7-0001-F0D6719F57E2}.Debug|x64.Build.0 = Debug|x64
		{0653FBCF-82A5-41F7-0001-F0D6719F57E2}.Release|x64.ActiveCfg = Release|x64
		{0653FBCF-82A5-41F7-0001-F0D6719F57E2}.Release|x64.Build.0 = Release|x64
		{0653FBCF-82A5-41F7-0002-F0D6719F57E2}.Debug|x64.ActiveCfg = Debug|x64
		{0653FBCF-82A5-41F7-0002-F0D6719F57E2}.Debug|x64.Build.0 = Debug|x64
		{0653FBCF-82A5-41F7-0002-F0D6719F57E2}.Release|x64.ActiveCfg = Release|x64
		{0653FBCF-82A5-41F7-0002-F0D6719F57E2}.Release|x64.Build.0 = Release|x64
		{0653FBCF-82A5-41F7-0012-F0D6719F57E2}.Debug|x64.ActiveCfg = Debug|x64
		{0653FBCF-82A5-41F7-0012-F0D6719F57E2}.Debug|x64.Build.0 = Debug|x64
		{0653FBCF-82A5-41F7-0012-F0D6719F57E2}.Release|x64.ActiveCfg = Release|x64
		{0653FBCF-82A5-41F7-0012-F0D6719F57E2}.Release|x64.Build.0 = Release|x64
		{0653FBCF-82A5-41F7-0022-F0D6719F57E2}.Debug|x64.ActiveCfg = Debug|x64
		{0653FBCF-82A5-41F7-0022-F0D6719F57E2}.Debug|x64.Build.0 = Debug|x64
		{0653FBCF-82A5-41F7-0022-F0D6719F57E2}.Release|x64.ActiveCfg = Release|x64
		{0653FBCF-82A5-41F7-0022-F0D6719F57E2}.Release|x64.Build.0 = Release|x64
	EndGlobalSection
	GlobalSection(SolutionProperties) = preSolution
		HideSolutionNode = FALSE
	EndGlobalSection
	GlobalSection(ExtensibilityGlobals) = postSolution
		SolutionGuid = {B5E38D05-4A3F-43E8-8FAF-57D16C77C62F}
	EndGlobalSection
EndGlobal
