
Microsoft Visual Studio Solution File, Format Version 12.00
# Visual Studio Version 17
VisualStudioVersion = 17.0.31903.59
MinimumVisualStudioVersion = 10.0.40219.1
Project("{8BC9CEB8-8B4A-11D0-8D11-00A0C91BC942}") = "xx_obj_test1", "xx_obj_test1\xx_obj_test1.vcxproj", "{0653FBCF-82A5-41F7-AC62-F0D6719F57E2}"
EndProject
Project("{8BC9CEB8-8B4A-11D0-8D11-00A0C91BC942}") = "xx_asio_test1", "xx_asio_test1\xx_asio_test1.vcxproj", "{0653FBCF-82A5-41F7-0001-F0D6719F57E2}"
EndProject
Project("{8BC9CEB8-8B4A-11D0-8D11-00A0C91BC942}") = "src", "src\src.vcxitems", "{867AB1EB-2575-44D6-8A47-868C1643DF95}"
EndProject
Project("{8BC9CEB8-8B4A-11D0-8D11-00A0C91BC942}") = "xx_coro_test2", "xx_coro_test2\xx_coro_test2.vcxproj", "{0653FBCF-82A5-41F7-0002-F0D6719F57E2}"
EndProject
Project("{8BC9CEB8-8B4A-11D0-8D11-00A0C91BC942}") = "xx_string_test1", "xx_string_test1\xx_string_test1.vcxproj", "{0653FBCF-82A5-41F7-0012-F0D6719F57E2}"
EndProject
Project("{8BC9CEB8-8B4A-11D0-8D11-00A0C91BC942}") = "xx_queue_test1", "xx_queue_test1\xx_queue_test1.vcxproj", "{0653FBCF-82A5-41F7-0022-F0D6719F57E2}"
EndProject
Project("{8BC9CEB8-8B4A-11D0-8D11-00A0C91BC942}") = "xx_math_test1", "xx_math_test1\xx_math_test1.vcxproj", "{0653FBCF-82A5-41F7-1122-F0D6719F57E2}"
EndProject
Project("{8BC9CEB8-8B4A-11D0-8D11-00A0C91BC942}") = "xx_asio_test3", "xx_asio_test3\xx_asio_test3.vcxproj", "{0653FBCF-82A5-41F7-0201-F0D6719F57E2}"
EndProject
Project("{8BC9CEB8-8B4A-11D0-8D11-00A0C91BC942}") = "xx_lua_test2", "xx_lua_test2\xx_lua_test2.vcxproj", "{0653FBCF-82A5-41F7-AC62-F0D671912345}"
EndProject
Project("{8BC9CEB8-8B4A-11D0-8D11-00A0C91BC942}") = "xx_asio_test4", "xx_asio_test4\xx_asio_test4.vcxproj", "{0653FBCF-82A5-41F7-0201-123419F57E00}"
EndProject
Project("{8BC9CEB8-8B4A-11D0-8D11-00A0C91BC942}") = "xx_asio_test5", "xx_asio_test5\xx_asio_test5.vcxproj", "{0653FBCF-82A5-41F7-0201-123519F57E00}"
EndProject
Project("{8BC9CEB8-8B4A-11D0-8D11-00A0C91BC942}") = "xx_asio_test6", "xx_asio_test6\xx_asio_test6.vcxproj", "{0653FBCF-82A5-41F7-0201-123619F57E00}"
EndProject
Project("{8BC9CEB8-8B4A-11D0-8D11-00A0C91BC942}") = "xx_asio_test7", "xx_asio_test7\xx_asio_test7.vcxproj", "{0653FBCF-82A5-41F7-0201-321619F57E00}"
EndProject
Project("{8BC9CEB8-8B4A-11D0-8D11-00A0C91BC942}") = "xx_asio_test8", "xx_asio_test8\xx_asio_test8.vcxproj", "{0653FBCF-82A5-41F7-0201-213619F57E00}"
EndProject
Project("{8BC9CEB8-8B4A-11D0-8D11-00A0C91BC942}") = "xx_asio_test9", "xx_asio_test9\xx_asio_test9.vcxproj", "{0653FBCF-82A5-41F7-0201-333619F57E00}"
EndProject
Project("{8BC9CEB8-8B4A-11D0-8D11-00A0C91BC942}") = "xx_asio_testA", "xx_asio_testA\xx_asio_testA.vcxproj", "{0653FBCF-82A5-41F7-0201-444619F57E00}"
EndProject
Project("{8BC9CEB8-8B4A-11D0-8D11-00A0C91BC942}") = "xx_asio_testB", "xx_asio_testB\xx_asio_testB.vcxproj", "{0653FBCF-82A5-41F7-0201-555619F57E00}"
EndProject
Project("{8BC9CEB8-8B4A-11D0-8D11-00A0C91BC942}") = "xx_asio_testC", "xx_asio_testC\xx_asio_testC.vcxproj", "{0653FBCF-82A5-41F7-0201-666619F57E00}"
EndProject
Project("{8BC9CEB8-8B4A-11D0-8D11-00A0C91BC942}") = "xx_asio_testD", "xx_asio_testD\xx_asio_testD.vcxproj", "{0653FBCF-82A5-41F7-0201-666719F57E00}"
EndProject
Project("{8BC9CEB8-8B4A-11D0-8D11-00A0C91BC942}") = "xx_asio_testE", "xx_asio_testE\xx_asio_testE.vcxproj", "{0653FBCF-82A5-41F7-0201-666819F57E00}"
EndProject
Project("{8BC9CEB8-8B4A-11D0-8D11-00A0C91BC942}") = "xx_asio_testF", "xx_asio_testF\xx_asio_testF.vcxproj", "{0653FBCF-82A5-41F7-0201-666919F57E00}"
EndProject
Project("{8BC9CEB8-8B4A-11D0-8D11-00A0C91BC942}") = "xx_asio_test2", "xx_asio_test2\xx_asio_test2.vcxproj", "{0653FBCF-82A5-41F7-0201-987619F57E00}"
EndProject
Project("{8BC9CEB8-8B4A-11D0-8D11-00A0C91BC942}") = "xx_coro_test1", "xx_coro_test1\xx_coro_test1.vcxproj", "{0653FBCF-82A5-41F7-0002-F0D6711237E2}"
EndProject
Project("{8BC9CEB8-8B4A-11D0-8D11-00A0C91BC942}") = "xx_lua_test1", "xx_lua_test1\xx_lua_test1.vcxproj", "{0653FBCF-82A5-41F7-AC62-123471912345}"
EndProject
Project("{8BC9CEB8-8B4A-11D0-8D11-00A0C91BC942}") = "xx_sqlite_test1", "xx_sqlite_test1\xx_sqlite_test1.vcxproj", "{0653FBCF-1111-41F7-0201-333619F57E00}"
EndProject
Project("{8BC9CEB8-8B4A-11D0-8D11-00A0C91BC942}") = "xx_random_test1", "xx_random_test1\xx_random_test1.vcxproj", "{0653FBCF-82A5-41F7-0012-F0D1712F53E2}"
EndProject
Project("{8BC9CEB8-8B4A-11D0-8D11-00A0C91BC942}") = "dupe_file_cleaner", "tool_dupe_file_cleaner\dupe_file_cleaner.vcxproj", "{0653FBCF-82A5-41F7-0022-F01621935742}"
EndProject
Project("{8BC9CEB8-8B4A-11D0-8D11-00A0C91BC942}") = "xx_asio_test_http", "xx_asio_test_http\xx_asio_test_http.vcxproj", "{0653FBCF-82A5-41F7-0201-667819F57E00}"
EndProject
Global
	GlobalSection(SolutionConfigurationPlatforms) = preSolution
		Debug|x64 = Debug|x64
		Release|x64 = Release|x64
	EndGlobalSection
	GlobalSection(ProjectConfigurationPlatforms) = postSolution
		{0653FBCF-82A5-41F7-AC62-F0D6719F57E2}.Debug|x64.ActiveCfg = Debug|x64
		{0653FBCF-82A5-41F7-AC62-F0D6719F57E2}.Debug|x64.Build.0 = Debug|x64
		{0653FBCF-82A5-41F7-AC62-F0D6719F57E2}.Release|x64.ActiveCfg = Release|x64
		{0653FBCF-82A5-41F7-AC62-F0D6719F57E2}.Release|x64.Build.0 = Release|x64
		{0653FBCF-82A5-41F7-0001-F0D6719F57E2}.Debug|x64.ActiveCfg = Debug|x64
		{0653FBCF-82A5-41F7-0001-F0D6719F57E2}.Debug|x64.Build.0 = Debug|x64
		{0653FBCF-82A5-41F7-0001-F0D6719F57E2}.Release|x64.ActiveCfg = Release|x64
		{0653FBCF-82A5-41F7-0001-F0D6719F57E2}.Release|x64.Build.0 = Release|x64
		{0653FBCF-82A5-41F7-0002-F0D6719F57E2}.Debug|x64.ActiveCfg = Debug|x64
		{0653FBCF-82A5-41F7-0002-F0D6719F57E2}.Debug|x64.Build.0 = Debug|x64
		{0653FBCF-82A5-41F7-0002-F0D6719F57E2}.Release|x64.ActiveCfg = Release|x64
		{0653FBCF-82A5-41F7-0002-F0D6719F57E2}.Release|x64.Build.0 = Release|x64
		{0653FBCF-82A5-41F7-0012-F0D6719F57E2}.Debug|x64.ActiveCfg = Debug|x64
		{0653FBCF-82A5-41F7-0012-F0D6719F57E2}.Debug|x64.Build.0 = Debug|x64
		{0653FBCF-82A5-41F7-0012-F0D6719F57E2}.Release|x64.ActiveCfg = Release|x64
		{0653FBCF-82A5-41F7-0012-F0D6719F57E2}.Release|x64.Build.0 = Release|x64
		{0653FBCF-82A5-41F7-0022-F0D6719F57E2}.Debug|x64.ActiveCfg = Debug|x64
		{0653FBCF-82A5-41F7-0022-F0D6719F57E2}.Debug|x64.Build.0 = Debug|x64
		{0653FBCF-82A5-41F7-0022-F0D6719F57E2}.Release|x64.ActiveCfg = Release|x64
		{0653FBCF-82A5-41F7-0022-F0D6719F57E2}.Release|x64.Build.0 = Release|x64
		{0653FBCF-82A5-41F7-1122-F0D6719F57E2}.Debug|x64.ActiveCfg = Debug|x64
		{0653FBCF-82A5-41F7-1122-F0D6719F57E2}.Debug|x64.Build.0 = Debug|x64
		{0653FBCF-82A5-41F7-1122-F0D6719F57E2}.Release|x64.ActiveCfg = Release|x64
		{0653FBCF-82A5-41F7-1122-F0D6719F57E2}.Release|x64.Build.0 = Release|x64
		{0653FBCF-82A5-41F7-0201-F0D6719F57E2}.Debug|x64.ActiveCfg = Debug|x64
		{0653FBCF-82A5-41F7-0201-F0D6719F57E2}.Debug|x64.Build.0 = Debug|x64
		{0653FBCF-82A5-41F7-0201-F0D6719F57E2}.Release|x64.ActiveCfg = Release|x64
		{0653FBCF-82A5-41F7-0201-F0D6719F57E2}.Release|x64.Build.0 = Release|x64
		{0653FBCF-82A5-41F7-AC62-F0D671912345}.Debug|x64.ActiveCfg = Debug|x64
		{0653FBCF-82A5-41F7-AC62-F0D671912345}.Debug|x64.Build.0 = Debug|x64
		{0653FBCF-82A5-41F7-AC62-F0D671912345}.Release|x64.ActiveCfg = Release|x64
		{0653FBCF-82A5-41F7-AC62-F0D671912345}.Release|x64.Build.0 = Release|x64
		{0653FBCF-82A5-41F7-0201-123419F57E00}.Debug|x64.ActiveCfg = Debug|x64
		{0653FBCF-82A5-41F7-0201-123419F57E00}.Debug|x64.Build.0 = Debug|x64
		{0653FBCF-82A5-41F7-0201-123419F57E00}.Release|x64.ActiveCfg = Release|x64
		{0653FBCF-82A5-41F7-0201-123419F57E00}.Release|x64.Build.0 = Release|x64
		{0653FBCF-82A5-41F7-0201-123519F57E00}.Debug|x64.ActiveCfg = Debug|x64
		{0653FBCF-82A5-41F7-0201-123519F57E00}.Debug|x64.Build.0 = Debug|x64
		{0653FBCF-82A5-41F7-0201-123519F57E00}.Release|x64.ActiveCfg = Release|x64
		{0653FBCF-82A5-41F7-0201-123519F57E00}.Release|x64.Build.0 = Release|x64
		{0653FBCF-82A5-41F7-0201-123619F57E00}.Debug|x64.ActiveCfg = Debug|x64
		{0653FBCF-82A5-41F7-0201-123619F57E00}.Debug|x64.Build.0 = Debug|x64
		{0653FBCF-82A5-41F7-0201-123619F57E00}.Release|x64.ActiveCfg = Release|x64
		{0653FBCF-82A5-41F7-0201-123619F57E00}.Release|x64.Build.0 = Release|x64
		{0653FBCF-82A5-41F7-0201-321619F57E00}.Debug|x64.ActiveCfg = Debug|x64
		{0653FBCF-82A5-41F7-0201-321619F57E00}.Debug|x64.Build.0 = Debug|x64
		{0653FBCF-82A5-41F7-0201-321619F57E00}.Release|x64.ActiveCfg = Release|x64
		{0653FBCF-82A5-41F7-0201-321619F57E00}.Release|x64.Build.0 = Release|x64
		{0653FBCF-82A5-41F7-0201-213619F57E00}.Debug|x64.ActiveCfg = Debug|x64
		{0653FBCF-82A5-41F7-0201-213619F57E00}.Debug|x64.Build.0 = Debug|x64
		{0653FBCF-82A5-41F7-0201-213619F57E00}.Release|x64.ActiveCfg = Release|x64
		{0653FBCF-82A5-41F7-0201-213619F57E00}.Release|x64.Build.0 = Release|x64
		{0653FBCF-82A5-41F7-0201-333619F57E00}.Debug|x64.ActiveCfg = Debug|x64
		{0653FBCF-82A5-41F7-0201-333619F57E00}.Debug|x64.Build.0 = Debug|x64
		{0653FBCF-82A5-41F7-0201-333619F57E00}.Release|x64.ActiveCfg = Release|x64
		{0653FBCF-82A5-41F7-0201-333619F57E00}.Release|x64.Build.0 = Release|x64
		{0653FBCF-82A5-41F7-0201-444619F57E00}.Debug|x64.ActiveCfg = Debug|x64
		{0653FBCF-82A5-41F7-0201-444619F57E00}.Debug|x64.Build.0 = Debug|x64
		{0653FBCF-82A5-41F7-0201-444619F57E00}.Release|x64.ActiveCfg = Release|x64
		{0653FBCF-82A5-41F7-0201-444619F57E00}.Release|x64.Build.0 = Release|x64
		{0653FBCF-82A5-41F7-0201-555619F57E00}.Debug|x64.ActiveCfg = Debug|x64
		{0653FBCF-82A5-41F7-0201-555619F57E00}.Debug|x64.Build.0 = Debug|x64
		{0653FBCF-82A5-41F7-0201-555619F57E00}.Release|x64.ActiveCfg = Release|x64
		{0653FBCF-82A5-41F7-0201-555619F57E00}.Release|x64.Build.0 = Release|x64
		{0653FBCF-82A5-41F7-0201-666619F57E00}.Debug|x64.ActiveCfg = Debug|x64
		{0653FBCF-82A5-41F7-0201-666619F57E00}.Debug|x64.Build.0 = Debug|x64
		{0653FBCF-82A5-41F7-0201-666619F57E00}.Release|x64.ActiveCfg = Release|x64
		{0653FBCF-82A5-41F7-0201-666619F57E00}.Release|x64.Build.0 = Release|x64
		{0653FBCF-82A5-41F7-0201-666719F57E00}.Debug|x64.ActiveCfg = Debug|x64
		{0653FBCF-82A5-41F7-0201-666719F57E00}.Debug|x64.Build.0 = Debug|x64
		{0653FBCF-82A5-41F7-0201-666719F57E00}.Release|x64.ActiveCfg = Release|x64
		{0653FBCF-82A5-41F7-0201-666719F57E00}.Release|x64.Build.0 = Release|x64
		{0653FBCF-82A5-41F7-0201-666819F57E00}.Debug|x64.ActiveCfg = Debug|x64
		{0653FBCF-82A5-41F7-0201-666819F57E00}.Debug|x64.Build.0 = Debug|x64
		{0653FBCF-82A5-41F7-0201-666819F57E00}.Release|x64.ActiveCfg = Release|x64
		{0653FBCF-82A5-41F7-0201-666819F57E00}.Release|x64.Build.0 = Release|x64
		{0653FBCF-82A5-41F7-0201-666919F57E00}.Debug|x64.ActiveCfg = Debug|x64
		{0653FBCF-82A5-41F7-0201-666919F57E00}.Debug|x64.Build.0 = Debug|x64
		{0653FBCF-82A5-41F7-0201-666919F57E00}.Release|x64.ActiveCfg = Release|x64
		{0653FBCF-82A5-41F7-0201-666919F57E00}.Release|x64.Build.0 = Release|x64
		{0653FBCF-82A5-41F7-0201-987619F57E00}.Debug|x64.ActiveCfg = Debug|x64
		{0653FBCF-82A5-41F7-0201-987619F57E00}.Debug|x64.Build.0 = Debug|x64
		{0653FBCF-82A5-41F7-0201-987619F57E00}.Release|x64.ActiveCfg = Release|x64
		{0653FBCF-82A5-41F7-0201-987619F57E00}.Release|x64.Build.0 = Release|x64
		{0653FBCF-82A5-41F7-0002-F0D6711237E2}.Debug|x64.ActiveCfg = Debug|x64
		{0653FBCF-82A5-41F7-0002-F0D6711237E2}.Debug|x64.Build.0 = Debug|x64
		{0653FBCF-82A5-41F7-0002-F0D6711237E2}.Release|x64.ActiveCfg = Release|x64
		{0653FBCF-82A5-41F7-0002-F0D6711237E2}.Release|x64.Build.0 = Release|x64
		{0653FBCF-82A5-41F7-AC62-123471912345}.Debug|x64.ActiveCfg = Debug|x64
		{0653FBCF-82A5-41F7-AC62-123471912345}.Debug|x64.Build.0 = Debug|x64
		{0653FBCF-82A5-41F7-AC62-123471912345}.Release|x64.ActiveCfg = Release|x64
		{0653FBCF-82A5-41F7-AC62-123471912345}.Release|x64.Build.0 = Release|x64
		{0653FBCF-1111-41F7-0201-333619F57E00}.Debug|x64.ActiveCfg = Debug|x64
		{0653FBCF-1111-41F7-0201-333619F57E00}.Debug|x64.Build.0 = Debug|x64
		{0653FBCF-1111-41F7-0201-333619F57E00}.Release|x64.ActiveCfg = Release|x64
		{0653FBCF-1111-41F7-0201-333619F57E00}.Release|x64.Build.0 = Release|x64
		{0653FBCF-82A5-41F7-0012-F0D1712F53E2}.Debug|x64.ActiveCfg = Debug|x64
		{0653FBCF-82A5-41F7-0012-F0D1712F53E2}.Debug|x64.Build.0 = Debug|x64
		{0653FBCF-82A5-41F7-0012-F0D1712F53E2}.Release|x64.ActiveCfg = Release|x64
		{0653FBCF-82A5-41F7-0012-F0D1712F53E2}.Release|x64.Build.0 = Release|x64
		{0653FBCF-82A5-41F7-0022-F01621935742}.Debug|x64.ActiveCfg = Debug|x64
		{0653FBCF-82A5-41F7-0022-F01621935742}.Debug|x64.Build.0 = Debug|x64
		{0653FBCF-82A5-41F7-0022-F01621935742}.Release|x64.ActiveCfg = Release|x64
		{0653FBCF-82A5-41F7-0022-F01621935742}.Release|x64.Build.0 = Release|x64
		{0653FBCF-82A5-41F7-0201-667819F57E00}.Debug|x64.ActiveCfg = Debug|x64
		{0653FBCF-82A5-41F7-0201-667819F57E00}.Debug|x64.Build.0 = Debug|x64
		{0653FBCF-82A5-41F7-0201-667819F57E00}.Release|x64.ActiveCfg = Release|x64
		{0653FBCF-82A5-41F7-0201-667819F57E00}.Release|x64.Build.0 = Release|x64
	EndGlobalSection
	GlobalSection(SolutionProperties) = preSolution
		HideSolutionNode = FALSE
	EndGlobalSection
	GlobalSection(ExtensibilityGlobals) = postSolution
		SolutionGuid = {B5E38D05-4A3F-43E8-8FAF-57D16C77C62F}
	EndGlobalSection
	GlobalSection(SharedMSBuildProjectFiles) = preSolution
		src\src.vcxitems*{0653fbcf-1111-41f7-0201-333619f57e00}*SharedItemsImports = 4
		src\src.vcxitems*{0653fbcf-82a5-41f7-0001-f0d6719f57e2}*SharedItemsImports = 4
		src\src.vcxitems*{0653fbcf-82a5-41f7-0002-f0d6711237e2}*SharedItemsImports = 4
		src\src.vcxitems*{0653fbcf-82a5-41f7-0002-f0d6719f57e2}*SharedItemsImports = 4
		src\src.vcxitems*{0653fbcf-82a5-41f7-0012-f0d1712f53e2}*SharedItemsImports = 4
		src\src.vcxitems*{0653fbcf-82a5-41f7-0012-f0d6719f57e2}*SharedItemsImports = 4
		src\src.vcxitems*{0653fbcf-82a5-41f7-0022-f01621935742}*SharedItemsImports = 4
		src\src.vcxitems*{0653fbcf-82a5-41f7-0022-f0d6719f57e2}*SharedItemsImports = 4
		src\src.vcxitems*{0653fbcf-82a5-41f7-0201-123419f57e00}*SharedItemsImports = 4
		src\src.vcxitems*{0653fbcf-82a5-41f7-0201-123519f57e00}*SharedItemsImports = 4
		src\src.vcxitems*{0653fbcf-82a5-41f7-0201-123619f57e00}*SharedItemsImports = 4
		src\src.vcxitems*{0653fbcf-82a5-41f7-0201-213619f57e00}*SharedItemsImports = 4
		src\src.vcxitems*{0653fbcf-82a5-41f7-0201-321619f57e00}*SharedItemsImports = 4
		src\src.vcxitems*{0653fbcf-82a5-41f7-0201-333619f57e00}*SharedItemsImports = 4
		src\src.vcxitems*{0653fbcf-82a5-41f7-0201-444619f57e00}*SharedItemsImports = 4
		src\src.vcxitems*{0653fbcf-82a5-41f7-0201-555619f57e00}*SharedItemsImports = 4
		src\src.vcxitems*{0653fbcf-82a5-41f7-0201-666619f57e00}*SharedItemsImports = 4
		src\src.vcxitems*{0653fbcf-82a5-41f7-0201-666719f57e00}*SharedItemsImports = 4
		src\src.vcxitems*{0653fbcf-82a5-41f7-0201-666819f57e00}*SharedItemsImports = 4
		src\src.vcxitems*{0653fbcf-82a5-41f7-0201-666919f57e00}*SharedItemsImports = 4
		src\src.vcxitems*{0653fbcf-82a5-41f7-0201-667819f57e00}*SharedItemsImports = 4
		src\src.vcxitems*{0653fbcf-82a5-41f7-0201-987619f57e00}*SharedItemsImports = 4
		src\src.vcxitems*{0653fbcf-82a5-41f7-0201-f0d6719f57e2}*SharedItemsImports = 4
		src\src.vcxitems*{0653fbcf-82a5-41f7-1122-f0d6719f57e2}*SharedItemsImports = 4
		src\src.vcxitems*{0653fbcf-82a5-41f7-ac62-123471912345}*SharedItemsImports = 4
		src\src.vcxitems*{0653fbcf-82a5-41f7-ac62-f0d671912345}*SharedItemsImports = 4
		src\src.vcxitems*{0653fbcf-82a5-41f7-ac62-f0d6719f57e2}*SharedItemsImports = 4
		src\src.vcxitems*{867ab1eb-2575-44d6-8a47-868c1643df95}*SharedItemsImports = 9
	EndGlobalSection
EndGlobal
