
Microsoft Visual Studio Solution File, Format Version 12.00
# Visual Studio Version 17
VisualStudioVersion = 17.1.32421.90
MinimumVisualStudioVersion = 10.0.40219.1
Project("{8BC9CEB8-8B4A-11D0-8D11-00A0C91BC942}") = "vs_android_so_test1", "vs_android_so_test1.vcxproj", "{5CB896D0-ED86-4D5F-A31D-325247B2A80D}"
EndProject
Project("{8BC9CEB8-8B4A-11D0-8D11-00A0C91BC942}") = "win32dll", "win32dll\win32dll.vcxproj", "{4636F8DE-38A9-457C-A143-4E298B27FFCE}"
EndProject
Global
	GlobalSection(SolutionConfigurationPlatforms) = preSolution
		Debug|ARM = Debug|ARM
		Debug|ARM64 = Debug|ARM64
		Debug|x64 = Debug|x64
		Debug|x86 = Debug|x86
		Release|ARM = Release|ARM
		Release|ARM64 = Release|ARM64
		Release|x64 = Release|x64
		Release|x86 = Release|x86
	EndGlobalSection
	GlobalSection(ProjectConfigurationPlatforms) = postSolution
		{5CB896D0-ED86-4D5F-A31D-325247B2A80D}.Debug|ARM.ActiveCfg = Debug|ARM
		{5CB896D0-ED86-4D5F-A31D-325247B2A80D}.Debug|ARM.Build.0 = Debug|ARM
		{5CB896D0-ED86-4D5F-A31D-325247B2A80D}.Debug|ARM64.ActiveCfg = Debug|ARM64
		{5CB896D0-ED86-4D5F-A31D-325247B2A80D}.Debug|ARM64.Build.0 = Debug|ARM64
		{5CB896D0-ED86-4D5F-A31D-325247B2A80D}.Debug|x64.ActiveCfg = Debug|x64
		{5CB896D0-ED86-4D5F-A31D-325247B2A80D}.Debug|x64.Build.0 = Debug|x64
		{5CB896D0-ED86-4D5F-A31D-325247B2A80D}.Debug|x86.ActiveCfg = Debug|x86
		{5CB896D0-ED86-4D5F-A31D-325247B2A80D}.Debug|x86.Build.0 = Debug|x86
		{5CB896D0-ED86-4D5F-A31D-325247B2A80D}.Release|ARM.ActiveCfg = Release|ARM
		{5CB896D0-ED86-4D5F-A31D-325247B2A80D}.Release|ARM.Build.0 = Release|ARM
		{5CB896D0-ED86-4D5F-A31D-325247B2A80D}.Release|ARM64.ActiveCfg = Release|ARM64
		{5CB896D0-ED86-4D5F-A31D-325247B2A80D}.Release|ARM64.Build.0 = Release|ARM64
		{5CB896D0-ED86-4D5F-A31D-325247B2A80D}.Release|x64.ActiveCfg = Release|x64
		{5CB896D0-ED86-4D5F-A31D-325247B2A80D}.Release|x64.Build.0 = Release|x64
		{5CB896D0-ED86-4D5F-A31D-325247B2A80D}.Release|x86.ActiveCfg = Release|x86
		{5CB896D0-ED86-4D5F-A31D-325247B2A80D}.Release|x86.Build.0 = Release|x86
		{4636F8DE-38A9-457C-A143-4E298B27FFCE}.Debug|ARM.ActiveCfg = Debug|Win32
		{4636F8DE-38A9-457C-A143-4E298B27FFCE}.Debug|ARM.Build.0 = Debug|Win32
		{4636F8DE-38A9-457C-A143-4E298B27FFCE}.Debug|ARM64.ActiveCfg = Debug|x64
		{4636F8DE-38A9-457C-A143-4E298B27FFCE}.Debug|ARM64.Build.0 = Debug|x64
		{4636F8DE-38A9-457C-A143-4E298B27FFCE}.Debug|x64.ActiveCfg = Debug|x64
		{4636F8DE-38A9-457C-A143-4E298B27FFCE}.Debug|x64.Build.0 = Debug|x64
		{4636F8DE-38A9-457C-A143-4E298B27FFCE}.Debug|x86.ActiveCfg = Debug|Win32
		{4636F8DE-38A9-457C-A143-4E298B27FFCE}.Debug|x86.Build.0 = Debug|Win32
		{4636F8DE-38A9-457C-A143-4E298B27FFCE}.Release|ARM.ActiveCfg = Release|Win32
		{4636F8DE-38A9-457C-A143-4E298B27FFCE}.Release|ARM.Build.0 = Release|Win32
		{4636F8DE-38A9-457C-A143-4E298B27FFCE}.Release|ARM64.ActiveCfg = Release|x64
		{4636F8DE-38A9-457C-A143-4E298B27FFCE}.Release|ARM64.Build.0 = Release|x64
		{4636F8DE-38A9-457C-A143-4E298B27FFCE}.Release|x64.ActiveCfg = Release|x64
		{4636F8DE-38A9-457C-A143-4E298B27FFCE}.Release|x64.Build.0 = Release|x64
		{4636F8DE-38A9-457C-A143-4E298B27FFCE}.Release|x86.ActiveCfg = Release|Win32
		{4636F8DE-38A9-457C-A143-4E298B27FFCE}.Release|x86.Build.0 = Release|Win32
	EndGlobalSection
	GlobalSection(SolutionProperties) = preSolution
		HideSolutionNode = FALSE
	EndGlobalSection
	GlobalSection(ExtensibilityGlobals) = postSolution
		SolutionGuid = {C716F871-D054-4EDD-B21E-6B60E7BC415B}
	EndGlobalSection
EndGlobal
