<?xml version="1.0" encoding="utf-8"?>
<Project ToolsVersion="4.0" xmlns="http://schemas.microsoft.com/developer/msbuild/2003">
  <ItemGroup>
    <ClCompile Include="main.cpp" />
    <ClCompile Include="..\codegen_test1\cpp\foo.cpp" />
    <ClCompile Include="..\codegen_test1\cpp\p1.cpp" />
    <ClCompile Include="..\codegen_test1\cpp\shared.cpp" />
  </ItemGroup>
  <ItemGroup>
    <None Include="..\codegen_test1\foo.cs" />
  </ItemGroup>
  <ItemGroup>
    <Filter Include="xxlib">
      <UniqueIdentifier>{b3b9236a-e0c3-4920-bfcc-636c3cf090ad}</UniqueIdentifier>
    </Filter>
  </ItemGroup>
  <ItemGroup>
    <ClInclude Include="..\src\xx_bits.h">
      <Filter>xxlib</Filter>
    </ClInclude>
    <ClInclude Include="..\src\xx_data.h">
      <Filter>xxlib</Filter>
    </ClInclude>
    <ClInclude Include="..\src\xx_data_funcs.h">
      <Filter>xxlib</Filter>
    </ClInclude>
    <ClInclude Include="..\src\xx_data_queue.h">
      <Filter>xxlib</Filter>
    </ClInclude>
    <ClInclude Include="..\src\xx_dict.h">
      <Filter>xxlib</Filter>
    </ClInclude>
    <ClInclude Include="..\src\xx_epoll.h">
      <Filter>xxlib</Filter>
    </ClInclude>
    <ClInclude Include="..\src\xx_epoll_http.h">
      <Filter>xxlib</Filter>
    </ClInclude>
    <ClInclude Include="..\src\xx_epoll_kcp.h">
      <Filter>xxlib</Filter>
    </ClInclude>
    <ClInclude Include="..\src\xx_file.h">
      <Filter>xxlib</Filter>
    </ClInclude>
    <ClInclude Include="..\src\xx_helpers.h">
      <Filter>xxlib</Filter>
    </ClInclude>
    <ClInclude Include="..\src\xx_logger.h">
      <Filter>xxlib</Filter>
    </ClInclude>
    <ClInclude Include="..\src\xx_lua.h">
      <Filter>xxlib</Filter>
    </ClInclude>
    <ClInclude Include="..\src\xx_lua_bind.h">
      <Filter>xxlib</Filter>
    </ClInclude>
    <ClInclude Include="..\src\xx_lua_bind_samples.h">
      <Filter>xxlib</Filter>
    </ClInclude>
    <ClInclude Include="..\src\xx_lua_data.h">
      <Filter>xxlib</Filter>
    </ClInclude>
    <ClInclude Include="..\src\xx_lua_data_funcs.h">
      <Filter>xxlib</Filter>
    </ClInclude>
    <ClInclude Include="..\src\xx_lua_uv_client.h">
      <Filter>xxlib</Filter>
    </ClInclude>
    <ClInclude Include="..\src\xx_macro.h">
      <Filter>xxlib</Filter>
    </ClInclude>
    <ClInclude Include="..\src\xx_macro_ext.h">
      <Filter>xxlib</Filter>
    </ClInclude>
    <ClInclude Include="..\src\xx_mysql.h">
      <Filter>xxlib</Filter>
    </ClInclude>
    <ClInclude Include="..\src\xx_obj.h">
      <Filter>xxlib</Filter>
    </ClInclude>
    <ClInclude Include="..\src\xx_ptr.h">
      <Filter>xxlib</Filter>
    </ClInclude>
    <ClInclude Include="..\src\xx_queue.h">
      <Filter>xxlib</Filter>
    </ClInclude>
    <ClInclude Include="..\src\xx_signal.h">
      <Filter>xxlib</Filter>
    </ClInclude>
    <ClInclude Include="..\src\xx_string.h">
      <Filter>xxlib</Filter>
    </ClInclude>
    <ClInclude Include="..\src\xx_threadpool.h">
      <Filter>xxlib</Filter>
    </ClInclude>
    <ClInclude Include="..\src\xx_uv.h">
      <Filter>xxlib</Filter>
    </ClInclude>
    <ClInclude Include="..\src\xx_uv_ext2.h">
      <Filter>xxlib</Filter>
    </ClInclude>
  </ItemGroup>
</Project>